# THIS IS AN AUTOGENERATED FILE. DO NOT EDIT THIS FILE DIRECTLY.
# yarn lockfile v1


filedirname@^2.7.0:
  version "2.7.0"
  resolved "https://registry.npmjs.org/filedirname/-/filedirname-2.7.0.tgz#aff98ce95590b89de5b502d51885095c01b1f36e"
  integrity sha512-rw4NZ0XCpm4EeBp0NK2b1WUkCm/LSDg6mJR8ywV2JYvIiwe+fimMgwVxjgd94lbmx4rOOmxybeVHsB6SRNeaXQ==
  dependencies:
    get-current-line "^6.5.0"

get-current-line@^6.5.0:
  version "6.6.0"
  resolved "https://registry.npmjs.org/get-current-line/-/get-current-line-6.6.0.tgz#3b01ef83a1bc732e190755853516e13783d5ea93"
  integrity sha512-9q/tqdL4+GMb0P28N/oSFruQE/8Sa1l9ew73AWS4j/KEMY32wD8+5QRB8LSTgt9HUZuLplmi8vc5dFFf5OvROA==
